cffi==1.15.0 ; python_full_version < '3.9' \
    --hash=sha256:1c1f431581bd92e5d12fa00758bff523f4d2f05c1fc579caee05ef0d4bcc4dd3 \
    --hash=sha256:22c801c77a95483d0d56ba669377c328ce158afb2fee5f48bc81955006c8aaee \
    --hash=sha256:2a23a2c39efd8f80c83a04d15a46011450251889800ee7f943d414c9a1aef704 \
    --hash=sha256:703d42f43fcc30d3315c4779cded9e9d6444b7de5d16e57f2bd587ebc18d5780 \
    --hash=sha256:7d41f86af17636e7e744d6bccf589394a4c188ab0e1e6157a7e69724c3e3a8fa \
    --hash=sha256:8042e98727f27bc00f56aabdf7f6ae584244d7f9669aca274f147e776399443e \
    --hash=sha256:bdfe36c951a39b35aa1306b137efd8bf413dfa7f1fd0e031228690a5427bebfe \
    --hash=sha256:ce65087475e67de889b99d7e3e0382cf42b5156f88ff9eab74a852188e8c4deb \
    --hash=sha256:d1197a338ed9c71a306477810ce37b299cac46a7d33f3c8765df28d3a79fac7d \
    --hash=sha256:e53b604e3b1b629bab1440b95f6b340245d66d37108b2dfab39557c5d6d7462c \
    --hash=sha256:efc28575f6512a5c0faeacf1f8ab2e4d39ce42c1cb414908f6cbb1497bbe9c15
    # via gevent
gevent==1.5.0+chromium.1 ; python_full_version < '3.9' \
    --hash=sha256:0b4618fc2098e6ae62a933cf53da58143574e5da3ecae44e5fcf1d3947ad5085 \
    --hash=sha256:1a143878afebf0d3efe884f0e31e13a6e0dc15c4b0659fa88c4b2e44f098ace3 \
    --hash=sha256:340cf476b72254030b2c392a3742d108f2ba4d1aa401280818820794457568ac \
    --hash=sha256:53e4597027209dff167c4dfc07a65f619dd0baf3fd9ec8f47a82c825032bd9b9 \
    --hash=sha256:8978a913aaa94bad9f6281bcb3eeb07ffefb498b7402e567a5f413a2c7a9ccb1 \
    --hash=sha256:a4c7a32aee6ab4e117ab4b31b28ba1cec4464a43e41e56955cae8cecafd025c1 \
    --hash=sha256:a8cba8f2d8e5921f39fdca6981315bbf766d3798305843922c04d5865f92d7dd \
    --hash=sha256:b527b63a79b8afc9ba71eb40d574c38098e11ed2947d154ba4cdfc7f122ff2e9 \
    --hash=sha256:cca3abea25efc036aa479db520108e42094fe2588a73552c24ba55e1b2912455
greenlet==0.4.15+chromium.1 ; python_full_version < '3.9' \
    --hash=sha256:27d1a53f30baee36dab6538431db6c614493d45e04c3663dda177615e8b8f3f6 \
    --hash=sha256:69ddc2d5e9c5c0cc9fc70236c102cbb83bf60e3ca3386687da3f83ac385e6627 \
    --hash=sha256:7808b294e1f6171d5591a3b8fc13d9bf82249913b27e9992536e4b258f3e01e3 \
    --hash=sha256:b144f1994a0369f0e4ef489d53bc334b3f55b756abff11cae8c6a893c7559703 \
    --hash=sha256:b7a8a8885c25152f0a0dd34de6eab934fded5e48346aa5fa1f7d9095a95c54af \
    --hash=sha256:cab8510726e3585cf2f58caa95e817487746a79adbb9aba3ab6572e553182bc6 \
    --hash=sha256:cbfb421f6aa77d696fe89c4546985d531a004df0834c832e0b4db1364d5869a5 \
    --hash=sha256:e0bd9252c42b6500aca40d43acaef6117d82e691ac923614ef4414c330b3691a \
    --hash=sha256:ffcdd5bf73b873edf9b526e8439e4943d48d58654ef793acb9e6f8e7b3f0e352
    # via gevent
pycparser==2.21 ; python_full_version < '3.9' \
    --hash=sha256:688108460a57f248af334bf9a0d1086a11c05a01fc66ae0e161feabb04a69bbc \
    --hash=sha256:8ee45429555515e1f6b185e78100aea234072576aa43ab53aefcae078162fca9
    # via cffi
