numpy==1.23.5+chromium.4 ; python_full_version < '3.12' \
    --hash=sha256:1f09f09cd02263534f3f3376dc290bb33b2d16c10eb85fd1b0491b02028f559c \
    --hash=sha256:298e858d71fd8e2d963414be9d85288f4e04df92c1025128d7917b42a82768cd \
    --hash=sha256:3b6a0b96bcd6ce7393a92adbc00892d4af02f6c04936f671979dc285d9ed7c38 \
    --hash=sha256:3f58475348b7b887ebc9cf63ec63173b52acf988faa9d8e5b797c7befbf9a1c4 \
    --hash=sha256:44e321bb428153a6e396e7328d808def77c3cef8b3d93c5f9e4108d04c558997 \
    --hash=sha256:48f8428d17325de892ac883561d6ba485978f7b924e0b610d9f31ce968dbabe9 \
    --hash=sha256:5af4510cebaf0bb81ea9af5368fbf5a6ce21b4963dbd3e31fe0f796cffefc9ab \
    --hash=sha256:69098ac2618e6a95064a9096b8eb1e8a737b2105aeec1a21b4eac62ba8d48fa7 \
    --hash=sha256:785d2cec75a1dfb812be1a3a24da0c82ba60729c7b53e6bd132fda1479f6250f \
    --hash=sha256:9241565b3fb920fed1268068efbc0e46fbc4f2d6056495574507adaa32741f5d \
    --hash=sha256:929b83e970651c3971f1cb83ed2c3345266507487702155cb7007d2507d18771 \
    --hash=sha256:9b59a1ae3c94fd499099e304a23dacb486c030f13e826f79eb77470fa618d979 \
    --hash=sha256:a5706db7526e7edfafafe4fe620625c346a30f4b97acc8484f55ec5e83d25a74 \
    --hash=sha256:b80a749316f06b7d6a48cb1e7c5b0cf3de9a2b4ac6d001b3a6a0e5e800ea0f20 \
    --hash=sha256:eaf5507daa4d82341ad08bb2e5fd780c10e021ad48f8555ebf36027e2809787f
