pytz==2021.1 ; python_full_version < '3.12' \
    --hash=sha256:34a16e09fb796e12cb3dfcefb6feec8e2f8dff7c61469e8cf2ee29216b76e3d0 \
    --hash=sha256:c0bd6c681033112f50e0b84ff5cf71b3fe04832cc8bb029d36717ed29d0cda82 \
    --hash=sha256:e79b5b40d021692669addca7c6eee8e679742c4ae1b481e70d32734aac7053ed \
    --hash=sha256:eb10ce3e7736052ed3623d49975ce333bcd712c7bb19a58b9e2089d4057d0798 \
    --hash=sha256:eb10ce3e7736052ed3623d49975ce333bcd712c7bb19a58b9e2089d4057d0798 \
    --hash=sha256:eb10ce3e7736052ed3623d49975ce333bcd712c7bb19a58b9e2089d4057d0798
