coverage==7.3.1 ; python_full_version < '3.12' \
    --hash=sha256:2b7f038e155de2156bd1073068b0ba39e97ed8ca340889a680ae2d7685dd60ea \
    --hash=sha256:37df007c1cb77d75ddf9e8753d2f69ba904d4beaec7d696fff0081a61ce81cd8 \
    --hash=sha256:40c0f331b8bde5128d97fa3c284078958b1aab42a86697c40f65b650417ed904 \
    --hash=sha256:412d5ef5437e9bad534e7464ea80094d195a998803146a9a856850e79083a93c \
    --hash=sha256:4c16428216025c980a8d160c885c5225d143353f609a82537e8b957a2109330e \
    --hash=sha256:4cf8ed834637fe317552ab068048c7202068b64706593159d67fa1936753a19b \
    --hash=sha256:6bc0892076728c5c5d3c92a7e968ddc1c52b49e79479e9419a50431df200566d \
    --hash=sha256:79a16c5b61a81ac581d07d74f2b257a77853d31f3e48d9f674226f4fd42a77ef \
    --hash=sha256:7f3c398881de3a558f9fb94f232757c73d3498a420462bb232590c4ecfb9a908 \
    --hash=sha256:85d78e23c50f3820666670e4689f1b30c0915e7db0020a22a41be4158d78e7f7 \
    --hash=sha256:afd828ea3ffebf4851053258a3e9d52079bfd1c60d233b0d0467bba73ebd044f \
    --hash=sha256:b81ff0d20e6da0552923e36b9b9c5c6e7dcd6192653fc9192b059137f50938c9 \
    --hash=sha256:bdaedd684fdf5c2104be67e2c1b92f73e06b83a1cb0cab19d598a4e4894ccb56 \
    --hash=sha256:ea1637565ebc68eca9ed5f6414c8231614c79b5f2f9d3409b8e8f1894902b7ee \
    --hash=sha256:ec748a35bfb05af56249a15db789773644902de436f6867129eb183479f17010 \
    --hash=sha256:fbd870567a278eddd1903e206969bb29f76288b21a5c1a61dab6e0d8260ec75f
