pyfakefs==3.7.2 ; python_full_version < '3.12' \
    --hash=sha256:8259042941a0690b89d92d55ed8fb1720ca4a83db87713d2fb9717cfd5e5f18e \
    --hash=sha256:9b3718c246ec98ca8269c6d19e9c33c1cc3af32e22bf189bddb921bc7fc16e39 \
    --hash=sha256:9e98f7179507c650ce17824e6493a4effef03e726ffe9f84917f5800266edcc9 \
    --hash=sha256:f415f38fe488b46974700af95f22b37e951a51159403eb9011ca37db0fde8b97 \
    --hash=sha256:f415f38fe488b46974700af95f22b37e951a51159403eb9011ca37db0fde8b97 \
    --hash=sha256:f415f38fe488b46974700af95f22b37e951a51159403eb9011ca37db0fde8b97
